
Microsoft Visual Studio Solution File, Format Version 12.00
# Visual Studio Version 16
VisualStudioVersion = 16.0.31624.102
MinimumVisualStudioVersion = 10.0.40219.1
Project("{FAE04EC0-301F-11D3-BF4B-00C04F79EFBC}") = "Email System", "Email System\Email System.csproj", "{26AEDB35-50EF-4558-A002-FF0878F6A3A4}"
EndProject
Global
	GlobalSection(SolutionConfigurationPlatforms) = preSolution
		Debug|Any CPU = Debug|Any CPU
		Release|Any CPU = Release|Any CPU
	EndGlobalSection
	GlobalSection(ProjectConfigurationPlatforms) = postSolution
		{26AEDB35-50EF-4558-A002-FF0878F6A3A4}.Debug|Any CPU.ActiveCfg = Debug|Any CPU
		{26AEDB35-50EF-4558-A002-FF0878F6A3A4}.Debug|Any CPU.Build.0 = Debug|Any CPU
		{26AEDB35-50EF-4558-A002-FF0878F6A3A4}.Release|Any CPU.ActiveCfg = Release|Any CPU
		{26AEDB35-50EF-4558-A002-FF0878F6A3A4}.Release|Any CPU.Build.0 = Release|Any CPU
	EndGlobalSection
	GlobalSection(SolutionProperties) = preSolution
		HideSolutionNode = FALSE
	EndGlobalSection
	GlobalSection(ExtensibilityGlobals) = postSolution
		SolutionGuid = {F049B21D-4F46-49C6-9394-96035E535F3B}
	EndGlobalSection
EndGlobal
